github.com/codegangsta/inject v0.0.0-20150114235600-33e0aa1cb7c0 h1:sDMmm+q/3+BukdIpxwO365v/Rbspp2Nt5XntgQRXq8Q=
github.com/codegangsta/inject v0.0.0-20150114235600-33e0aa1cb7c0/go.mod h1:4Zcjuz89kmFXt9morQgcfYZAYZ5n8WHjt81YYWIwtTM=
github.com/codeskyblue/go-sh v0.0.0-20200712050446-30169cf553fe h1:69JI97HlzP+PH5Mi1thcGlDoBr6PS2Oe+l3mNmAkbs4=
github.com/codeskyblue/go-sh v0.0.0-20200712050446-30169cf553fe/go.mod h1:VQx0hjo2oUeQkQUET7wRwradO6f+fN5jzXgB/zROxxE=
github.com/eiannone/keyboard v0.0.0-20200508000154-caf4b762e807 h1:jdjd5e68T4R/j4PWxfZqcKY8KtT9oo8IPNVuV4bSXDQ=
github.com/eiannone/keyboard v0.0.0-20200508000154-caf4b762e807/go.mod h1:Xoiu5VdKMvbRgHuY7+z64lhu/7lvax/22nzASF6GrO8=
github.com/pborman/ansi v0.0.0-20160920233902-86f499584b0a h1:Yw/M+CoU75So9ZUQpRGOdwWvS9fHKSmhT+e+np+oF90=
github.com/pborman/ansi v0.0.0-20160920233902-86f499584b0a/go.mod h1:SgWzwMAx1X/Ez7i90VqF8LRiQtx52pWDiQP+x3iGnzw=
github.com/rthornton128/goncurses v0.0.0-20200419155752-a72cfe131f63 h1:n717hpAjRFW9tDX8PMCH4wXJeOmpnT7gkH3xLsY1Wh0=
github.com/rthornton128/goncurses v0.0.0-20200419155752-a72cfe131f63/go.mod h1:UJ0xTyAoIn5cLIoYfHypjSrlXPqVzJfjPSWj3nr9qmc=
golang.org/x/sys v0.0.0-20200802091954-4b90ce9b60b3 h1:qDJKu1y/1SjhWac4BQZjLljqvqiWUhjmDMnonmVGDAU=
golang.org/x/sys v0.0.0-20200802091954-4b90ce9b60b3/go.mod h1:h1NjWce9XRLGQEsW7wpKNCjG9DtNlClVuFLEZdDNbEs=
